github.com/crowdsecurity/grokky v0.2.1 h1:t4VYnDlAd0RjDM2SlILalbwfCrQxtJSMGdQOR0zwkE4=
github.com/crowdsecurity/grokky v0.2.1/go.mod h1:33usDIYzGDsgX1kHAThCbseso6JuWNJXOzRQDGXHtWM=
github.com/crowdsecurity/grokky v0.2.2-0.20230524153003-0fde69aa0aad h1:KS0cdE4Lpt4OeP/vms10z1tyoM0mCP54e4LbtSr0fRA=
github.com/crowdsecurity/grokky v0.2.2-0.20230524153003-0fde69aa0aad/go.mod h1:33usDIYzGDsgX1kHAThCbseso6JuWNJXOzRQDGXHtWM=
github.com/crowdsecurity/grokky v0.2.2-0.20230524192556-01c3b1cc1b97 h1:YRGcAcsJ4PBmoxxcqNUNURtV+2SrziVo45FL2coCw/I=
github.com/crowdsecurity/grokky v0.2.2-0.20230524192556-01c3b1cc1b97/go.mod h1:33usDIYzGDsgX1kHAThCbseso6JuWNJXOzRQDGXHtWM=
github.com/crowdsecurity/grokky v0.2.2-0.20230525202037-6b6a1f17f05c h1:lSdyOt2lPscfBBgAbffw2LdYi/6VNqjhBiZTf1XDkmQ=
github.com/crowdsecurity/grokky v0.2.2-0.20230525202037-6b6a1f17f05c/go.mod h1:33usDIYzGDsgX1kHAThCbseso6JuWNJXOzRQDGXHtWM=
github.com/crowdsecurity/grokky v0.2.2-0.20230525202910-f1a7636df004 h1:WrzMGbAFkGNq24UQJxYawwwnZen05A4bU9UPIZ8yzb0=
github.com/crowdsecurity/grokky v0.2.2-0.20230525202910-f1a7636df004/go.mod h1:33usDIYzGDsgX1kHAThCbseso6JuWNJXOzRQDGXHtWM=
github.com/crowdsecurity/grokky v0.2.2-0.20230531152645-3c7756002a44 h1:xGcoZE/Kx6GoW/GAn4jfEf2vPpJU+PgopOMkk0Mf9l4=
github.com/crowdsecurity/grokky v0.2.2-0.20230531152645-3c7756002a44/go.mod h1:33usDIYzGDsgX1kHAThCbseso6JuWNJXOzRQDGXHtWM=
github.com/crowdsecurity/grokky v0.2.2-0.20230601135617-e5282c6c91ec h1:SenFg6akDrWhOqICnuk2ktyJq6Okg/FKZ7LO8rfQfc4=
github.com/crowdsecurity/grokky v0.2.2-0.20230601135617-e5282c6c91ec/go.mod h1:33usDIYzGDsgX1kHAThCbseso6JuWNJXOzRQDGXHtWM=
github.com/davecgh/go-spew v1.1.1 h1:vj9j/u1bqnvCEfJOwUhtlOARqs3+rkHYY13jYWTU97c=
github.com/davecgh/go-spew v1.1.1/go.mod h1:J7Y8YcW2NihsgmVo/mv3lAwl/skON4iLHjSsI+c5H38=
github.com/magefile/mage v1.14.0 h1:6QDX3g6z1YvJ4olPhT1wksUcSa/V0a1B+pJb73fBjyo=
github.com/magefile/mage v1.14.0/go.mod h1:z5UZb/iS3GoOSn0JgWuiw7dxlurVYTu+/jHXqQg881A=
github.com/magefile/mage v1.15.0 h1:BvGheCMAsG3bWUDbZ8AyXXpCNwU9u5CB6sM+HNb9HYg=
github.com/magefile/mage v1.15.0/go.mod h1:z5UZb/iS3GoOSn0JgWuiw7dxlurVYTu+/jHXqQg881A=
github.com/tetratelabs/wazero v1.0.0-rc.2 h1:OA3UUynnoqxrjCQ94mpAtdO4/oMxFQVNL2BXDMOc66Q=
github.com/tetratelabs/wazero v1.0.0-rc.2/go.mod h1:wYx2gNRg8/WihJfSDxA1TIL8H+GkfLYm+bIfbblu9VQ=
github.com/tetratelabs/wazero v1.1.0 h1:EByoAhC+QcYpwSZJSs/aV0uokxPwBgKxfiokSUwAknQ=
github.com/tetratelabs/wazero v1.1.0/go.mod h1:wYx2gNRg8/WihJfSDxA1TIL8H+GkfLYm+bIfbblu9VQ=
github.com/wasilibs/go-re2 v0.2.1 h1:bZVXxlqGHXnHlQt5ys6CsHyypsCsP952m1oKBB5O9Dc=
github.com/wasilibs/go-re2 v0.2.1/go.mod h1:jrB0h+KSTmTwsL0lI2sEyu8TcRi1htLiR/TbSURMwMM=
github.com/wasilibs/go-re2 v1.1.0 h1:RF/qHrnaFRIYaxnDFIZ4I8cZJTU+wE9DkOHtEHOUA18=
github.com/wasilibs/go-re2 v1.1.0/go.mod h1:9j8kG6X6t8KQoB9odr0+WEieocbZwbKUgTo8GjNUdV4=
